
Microsoft Visual Studio Solution File, Format Version 12.00
Project("{FAE04EC0-301F-11D3-BF4B-00C04F79EFBC}") = "NICSpeedChanger", "NICSpeedChanger\NICSpeedChanger.csproj", "{45DBEC64-A0A8-4665-A690-52235D5A841E}"
EndProject
Global
	GlobalSection(SolutionConfigurationPlatforms) = preSolution
		Debug|Any CPU = Debug|Any CPU
		Release|Any CPU = Release|Any CPU
	EndGlobalSection
	GlobalSection(ProjectConfigurationPlatforms) = postSolution
		{45DBEC64-A0A8-4665-A690-52235D5A841E}.Debug|Any CPU.ActiveCfg = Debug|Any CPU
		{45DBEC64-A0A8-4665-A690-52235D5A841E}.Debug|Any CPU.Build.0 = Debug|Any CPU
		{45DBEC64-A0A8-4665-A690-52235D5A841E}.Release|Any CPU.ActiveCfg = Release|Any CPU
		{45DBEC64-A0A8-4665-A690-52235D5A841E}.Release|Any CPU.Build.0 = Release|Any CPU
	EndGlobalSection
EndGlobal
